
Microsoft Visual Studio Solution File, Format Version 12.00
# Visual Studio Version 16
VisualStudioVersion = 25.0.1705.4
MinimumVisualStudioVersion = 10.0.40219.1
Project("{FAE04EC0-301F-11D3-BF4B-00C04F79EFBC}") = "bookDemo", "bookDemo\bookDemo.csproj", "{40D142B3-77F3-4A7B-954F-59EE44465728}"
EndProject
Global
	GlobalSection(SolutionConfigurationPlatforms) = preSolution
		Debug|Any CPU = Debug|Any CPU
		Release|Any CPU = Release|Any CPU
	EndGlobalSection
	GlobalSection(ProjectConfigurationPlatforms) = postSolution
		{40D142B3-77F3-4A7B-954F-59EE44465728}.Debug|Any CPU.ActiveCfg = Debug|Any CPU
		{40D142B3-77F3-4A7B-954F-59EE44465728}.Debug|Any CPU.Build.0 = Debug|Any CPU
		{40D142B3-77F3-4A7B-954F-59EE44465728}.Release|Any CPU.ActiveCfg = Release|Any CPU
		{40D142B3-77F3-4A7B-954F-59EE44465728}.Release|Any CPU.Build.0 = Release|Any CPU
	EndGlobalSection
	GlobalSection(SolutionProperties) = preSolution
		HideSolutionNode = FALSE
	EndGlobalSection
	GlobalSection(ExtensibilityGlobals) = postSolution
		SolutionGuid = {041F6D49-896C-41DC-8E0B-6F5D0602CD8B}
	EndGlobalSection
EndGlobal
